// !$*UTF8*$!
{
	archiveVersion = 1;
	classes = {
	};
	objectVersion = 50;
	objects = {

/* Begin PBXBuildFile section */
		55F742622B4983FA00913710 /* Mossum_IOSApp.swift in Sources */ = {isa = PBXBuildFile; fileRef = 55F742612B4983FA00913710 /* Mossum_IOSApp.swift */; };
		55F742642B4983FA00913710 /* ContentView.swift in Sources */ = {isa = PBXBuildFile; fileRef = 55F742632B4983FA00913710 /* ContentView.swift */; };
		55F742662B4983FD00913710 /* Assets.xcassets in Resources */ = {isa = PBXBuildFile; fileRef = 55F742652B4983FD00913710 /* Assets.xcassets */; };
		55F742692B4983FD00913710 /* Preview Assets.xcassets in Resources */ = {isa = PBXBuildFile; fileRef = 55F742682B4983FD00913710 /* Preview Assets.xcassets */; };
		55F742742B4983FD00913710 /* Mossum_IOSTests.swift in Sources */ = {isa = PBXBuildFile; fileRef = 55F742732B4983FD00913710 /* Mossum_IOSTests.swift */; };
		55F7427F2B4983FD00913710 /* Mossum_IOSUITests.swift in Sources */ = {isa = PBXBuildFile; fileRef = 55F7427E2B4983FD00913710 /* Mossum_IOSUITests.swift */; };
		55F742982B49E8F600913710 /* AnimationView.swift in Sources */ = {isa = PBXBuildFile; fileRef = 55F742972B49E8F600913710 /* AnimationView.swift */; };
		55F7429D2B49FD5C00913710 /* LocationView.swift in Sources */ = {isa = PBXBuildFile; fileRef = 55F7429C2B49FD5B00913710 /* LocationView.swift */; };
		55F742A52B4A048A00913710 /* LocationManager.swift in Sources */ = {isa = PBXBuildFile; fileRef = 55F742A42B4A048A00913710 /* LocationManager.swift */; };
/* End PBXBuildFile section */

/* Begin PBXContainerItemProxy section */
		55F742702B4983FD00913710 /* PBXContainerItemProxy */ = {
			isa = PBXContainerItemProxy;
			containerPortal = 55F742562B4983FA00913710 /* Project object */;
			proxyType = 1;
			remoteGlobalIDString = 55F7425D2B4983FA00913710;
			remoteInfo = Mossum_IOS;
		};
		55F7427B2B4983FD00913710 /* PBXContainerItemProxy */ = {
			isa = PBXContainerItemProxy;
			containerPortal = 55F742562B4983FA00913710 /* Project object */;
			proxyType = 1;
			remoteGlobalIDString = 55F7425D2B4983FA00913710;
			remoteInfo = Mossum_IOS;
		};
/* End PBXContainerItemProxy section */

/* Begin PBXFileReference section */
		55F7425E2B4983FA00913710 /* Mossum_IOS.app */ = {isa = PBXFileReference; explicitFileType = wrapper.application; includeInIndex = 0; path = Mossum_IOS.app; sourceTree = BUILT_PRODUCTS_DIR; };
		55F742612B4983FA00913710 /* Mossum_IOSApp.swift */ = {isa = PBXFileReference; lastKnownFileType = sourcecode.swift; path = Mossum_IOSApp.swift; sourceTree = "<group>"; };
		55F742632B4983FA00913710 /* ContentView.swift */ = {isa = PBXFileReference; lastKnownFileType = sourcecode.swift; path = ContentView.swift; sourceTree = "<group>"; };
		55F742652B4983FD00913710 /* Assets.xcassets */ = {isa = PBXFileReference; lastKnownFileType = folder.assetcatalog; path = Assets.xcassets; sourceTree = "<group>"; };
		55F742682B4983FD00913710 /* Preview Assets.xcassets */ = {isa = PBXFileReference; lastKnownFileType = folder.assetcatalog; path = "Preview Assets.xcassets"; sourceTree = "<group>"; };
		55F7426A2B4983FD00913710 /* Info.plist */ = {isa = PBXFileReference; lastKnownFileType = text.plist.xml; path = Info.plist; sourceTree = "<group>"; };
		55F7426F2B4983FD00913710 /* Mossum_IOSTests.xctest */ = {isa = PBXFileReference; explicitFileType = wrapper.cfbundle; includeInIndex = 0; path = Mossum_IOSTests.xctest; sourceTree = BUILT_PRODUCTS_DIR; };
		55F742732B4983FD00913710 /* Mossum_IOSTests.swift */ = {isa = PBXFileReference; lastKnownFileType = sourcecode.swift; path = Mossum_IOSTests.swift; sourceTree = "<group>"; };
		55F742752B4983FD00913710 /* Info.plist */ = {isa = PBXFileReference; lastKnownFileType = text.plist.xml; path = Info.plist; sourceTree = "<group>"; };
		55F7427A2B4983FD00913710 /* Mossum_IOSUITests.xctest */ = {isa = PBXFileReference; explicitFileType = wrapper.cfbundle; includeInIndex = 0; path = Mossum_IOSUITests.xctest; sourceTree = BUILT_PRODUCTS_DIR; };
		55F7427E2B4983FD00913710 /* Mossum_IOSUITests.swift */ = {isa = PBXFileReference; lastKnownFileType = sourcecode.swift; path = Mossum_IOSUITests.swift; sourceTree = "<group>"; };
		55F742802B4983FD00913710 /* Info.plist */ = {isa = PBXFileReference; lastKnownFileType = text.plist.xml; path = Info.plist; sourceTree = "<group>"; };
		55F742972B49E8F600913710 /* AnimationView.swift */ = {isa = PBXFileReference; lastKnownFileType = sourcecode.swift; path = AnimationView.swift; sourceTree = "<group>"; };
		55F7429C2B49FD5B00913710 /* LocationView.swift */ = {isa = PBXFileReference; lastKnownFileType = sourcecode.swift; path = LocationView.swift; sourceTree = "<group>"; };
		55F742A42B4A048A00913710 /* LocationManager.swift */ = {isa = PBXFileReference; lastKnownFileType = sourcecode.swift; path = LocationManager.swift; sourceTree = "<group>"; };
/* End PBXFileReference section */

/* Begin PBXFrameworksBuildPhase section */
		55F7425B2B4983FA00913710 /* Frameworks */ = {
			isa = PBXFrameworksBuildPhase;
			buildActionMask = 2147483647;
			files = (
			);
			runOnlyForDeploymentPostprocessing = 0;
		};
		55F7426C2B4983FD00913710 /* Frameworks */ = {
			isa = PBXFrameworksBuildPhase;
			buildActionMask = 2147483647;
			files = (
			);
			runOnlyForDeploymentPostprocessing = 0;
		};
		55F742772B4983FD00913710 /* Frameworks */ = {
			isa = PBXFrameworksBuildPhase;
			buildActionMask = 2147483647;
			files = (
			);
			runOnlyForDeploymentPostprocessing = 0;
		};
/* End PBXFrameworksBuildPhase section */

/* Begin PBXGroup section */
		55F742552B4983FA00913710 = {
			isa = PBXGroup;
			children = (
				55F742602B4983FA00913710 /* Mossum_IOS */,
				55F742722B4983FD00913710 /* Mossum_IOSTests */,
				55F7427D2B4983FD00913710 /* Mossum_IOSUITests */,
				55F7425F2B4983FA00913710 /* Products */,
			);
			sourceTree = "<group>";
		};
		55F7425F2B4983FA00913710 /* Products */ = {
			isa = PBXGroup;
			children = (
				55F7425E2B4983FA00913710 /* Mossum_IOS.app */,
				55F7426F2B4983FD00913710 /* Mossum_IOSTests.xctest */,
				55F7427A2B4983FD00913710 /* Mossum_IOSUITests.xctest */,
			);
			name = Products;
			sourceTree = "<group>";
		};
		55F742602B4983FA00913710 /* Mossum_IOS */ = {
			isa = PBXGroup;
			children = (
				55F742612B4983FA00913710 /* Mossum_IOSApp.swift */,
				55F742632B4983FA00913710 /* ContentView.swift */,
				55F742A42B4A048A00913710 /* LocationManager.swift */,
				55F7429C2B49FD5B00913710 /* LocationView.swift */,
				55F742972B49E8F600913710 /* AnimationView.swift */,
				55F742652B4983FD00913710 /* Assets.xcassets */,
				55F7426A2B4983FD00913710 /* Info.plist */,
				55F742672B4983FD00913710 /* Preview Content */,
			);
			path = Mossum_IOS;
			sourceTree = "<group>";
		};
		55F742672B4983FD00913710 /* Preview Content */ = {
			isa = PBXGroup;
			children = (
				55F742682B4983FD00913710 /* Preview Assets.xcassets */,
			);
			path = "Preview Content";
			sourceTree = "<group>";
		};
		55F742722B4983FD00913710 /* Mossum_IOSTests */ = {
			isa = PBXGroup;
			children = (
				55F742732B4983FD00913710 /* Mossum_IOSTests.swift */,
				55F742752B4983FD00913710 /* Info.plist */,
			);
			path = Mossum_IOSTests;
			sourceTree = "<group>";
		};
		55F7427D2B4983FD00913710 /* Mossum_IOSUITests */ = {
			isa = PBXGroup;
			children = (
				55F7427E2B4983FD00913710 /* Mossum_IOSUITests.swift */,
				55F742802B4983FD00913710 /* Info.plist */,
			);
			path = Mossum_IOSUITests;
			sourceTree = "<group>";
		};
/* End PBXGroup section */

/* Begin PBXNativeTarget section */
		55F7425D2B4983FA00913710 /* Mossum_IOS */ = {
			isa = PBXNativeTarget;
			buildConfigurationList = 55F742832B4983FD00913710 /* Build configuration list for PBXNativeTarget "Mossum_IOS" */;
			buildPhases = (
				55F7425A2B4983FA00913710 /* Sources */,
				55F7425B2B4983FA00913710 /* Frameworks */,
				55F7425C2B4983FA00913710 /* Resources */,
			);
			buildRules = (
			);
			dependencies = (
			);
			name = Mossum_IOS;
			productName = Mossum_IOS;
			productReference = 55F7425E2B4983FA00913710 /* Mossum_IOS.app */;
			productType = "com.apple.product-type.application";
		};
		55F7426E2B4983FD00913710 /* Mossum_IOSTests */ = {
			isa = PBXNativeTarget;
			buildConfigurationList = 55F742862B4983FD00913710 /* Build configuration list for PBXNativeTarget "Mossum_IOSTests" */;
			buildPhases = (
				55F7426B2B4983FD00913710 /* Sources */,
				55F7426C2B4983FD00913710 /* Frameworks */,
				55F7426D2B4983FD00913710 /* Resources */,
			);
			buildRules = (
			);
			dependencies = (
				55F742712B4983FD00913710 /* PBXTargetDependency */,
			);
			name = Mossum_IOSTests;
			productName = Mossum_IOSTests;
			productReference = 55F7426F2B4983FD00913710 /* Mossum_IOSTests.xctest */;
			productType = "com.apple.product-type.bundle.unit-test";
		};
		55F742792B4983FD00913710 /* Mossum_IOSUITests */ = {
			isa = PBXNativeTarget;
			buildConfigurationList = 55F742892B4983FD00913710 /* Build configuration list for PBXNativeTarget "Mossum_IOSUITests" */;
			buildPhases = (
				55F742762B4983FD00913710 /* Sources */,
				55F742772B4983FD00913710 /* Frameworks */,
				55F742782B4983FD00913710 /* Resources */,
			);
			buildRules = (
			);
			dependencies = (
				55F7427C2B4983FD00913710 /* PBXTargetDependency */,
			);
			name = Mossum_IOSUITests;
			productName = Mossum_IOSUITests;
			productReference = 55F7427A2B4983FD00913710 /* Mossum_IOSUITests.xctest */;
			productType = "com.apple.product-type.bundle.ui-testing";
		};
/* End PBXNativeTarget section */

/* Begin PBXProject section */
		55F742562B4983FA00913710 /* Project object */ = {
			isa = PBXProject;
			attributes = {
				LastSwiftUpdateCheck = 1210;
				LastUpgradeCheck = 1210;
				TargetAttributes = {
					55F7425D2B4983FA00913710 = {
						CreatedOnToolsVersion = 12.1;
					};
					55F7426E2B4983FD00913710 = {
						CreatedOnToolsVersion = 12.1;
						TestTargetID = 55F7425D2B4983FA00913710;
					};
					55F742792B4983FD00913710 = {
						CreatedOnToolsVersion = 12.1;
						TestTargetID = 55F7425D2B4983FA00913710;
					};
				};
			};
			buildConfigurationList = 55F742592B4983FA00913710 /* Build configuration list for PBXProject "Mossum_IOS" */;
			compatibilityVersion = "Xcode 9.3";
			developmentRegion = en;
			hasScannedForEncodings = 0;
			knownRegions = (
				en,
				Base,
			);
			mainGroup = 55F742552B4983FA00913710;
			productRefGroup = 55F7425F2B4983FA00913710 /* Products */;
			projectDirPath = "";
			projectRoot = "";
			targets = (
				55F7425D2B4983FA00913710 /* Mossum_IOS */,
				55F7426E2B4983FD00913710 /* Mossum_IOSTests */,
				55F742792B4983FD00913710 /* Mossum_IOSUITests */,
			);
		};
/* End PBXProject section */

/* Begin PBXResourcesBuildPhase section */
		55F7425C2B4983FA00913710 /* Resources */ = {
			isa = PBXResourcesBuildPhase;
			buildActionMask = 2147483647;
			files = (
				55F742692B4983FD00913710 /* Preview Assets.xcassets in Resources */,
				55F742662B4983FD00913710 /* Assets.xcassets in Resources */,
			);
			runOnlyForDeploymentPostprocessing = 0;
		};
		55F7426D2B4983FD00913710 /* Resources */ = {
			isa = PBXResourcesBuildPhase;
			buildActionMask = 2147483647;
			files = (
			);
			runOnlyForDeploymentPostprocessing = 0;
		};
		55F742782B4983FD00913710 /* Resources */ = {
			isa = PBXResourcesBuildPhase;
			buildActionMask = 2147483647;
			files = (
			);
			runOnlyForDeploymentPostprocessing = 0;
		};
/* End PBXResourcesBuildPhase section */

/* Begin PBXSourcesBuildPhase section */
		55F7425A2B4983FA00913710 /* Sources */ = {
			isa = PBXSourcesBuildPhase;
			buildActionMask = 2147483647;
			files = (
				55F742982B49E8F600913710 /* AnimationView.swift in Sources */,
				55F7429D2B49FD5C00913710 /* LocationView.swift in Sources */,
				55F742A52B4A048A00913710 /* LocationManager.swift in Sources */,
				55F742642B4983FA00913710 /* ContentView.swift in Sources */,
				55F742622B4983FA00913710 /* Mossum_IOSApp.swift in Sources */,
			);
			runOnlyForDeploymentPostprocessing = 0;
		};
		55F7426B2B4983FD00913710 /* Sources */ = {
			isa = PBXSourcesBuildPhase;
			buildActionMask = 2147483647;
			files = (
				55F742742B4983FD00913710 /* Mossum_IOSTests.swift in Sources */,
			);
			runOnlyForDeploymentPostprocessing = 0;
		};
		55F742762B4983FD00913710 /* Sources */ = {
			isa = PBXSourcesBuildPhase;
			buildActionMask = 2147483647;
			files = (
				55F7427F2B4983FD00913710 /* Mossum_IOSUITests.swift in Sources */,
			);
			runOnlyForDeploymentPostprocessing = 0;
		};
/* End PBXSourcesBuildPhase section */

/* Begin PBXTargetDependency section */
		55F742712B4983FD00913710 /* PBXTargetDependency */ = {
			isa = PBXTargetDependency;
			target = 55F7425D2B4983FA00913710 /* Mossum_IOS */;
			targetProxy = 55F742702B4983FD00913710 /* PBXContainerItemProxy */;
		};
		55F7427C2B4983FD00913710 /* PBXTargetDependency */ = {
			isa = PBXTargetDependency;
			target = 55F7425D2B4983FA00913710 /* Mossum_IOS */;
			targetProxy = 55F7427B2B4983FD00913710 /* PBXContainerItemProxy */;
		};
/* End PBXTargetDependency section */

/* Begin XCBuildConfiguration section */
		55F742812B4983FD00913710 /* Debug */ = {
			isa = XCBuildConfiguration;
			buildSettings = {
				ALWAYS_SEARCH_USER_PATHS = NO;
				CLANG_ANALYZER_NONNULL = YES;
				CLANG_ANALYZER_NUMBER_OBJECT_CONVERSION = YES_AGGRESSIVE;
				CLANG_CXX_LANGUAGE_STANDARD = "gnu++14";
				CLANG_CXX_LIBRARY = "libc++";
				CLANG_ENABLE_MODULES = YES;
				CLANG_ENABLE_OBJC_ARC = YES;
				CLANG_ENABLE_OBJC_WEAK = YES;
				CLANG_WARN_BLOCK_CAPTURE_AUTORELEASING = YES;
				CLANG_WARN_BOOL_CONVERSION = YES;
				CLANG_WARN_COMMA = YES;
				CLANG_WARN_CONSTANT_CONVERSION = YES;
				CLANG_WARN_DEPRECATED_OBJC_IMPLEMENTATIONS = YES;
				CLANG_WARN_DIRECT_OBJC_ISA_USAGE = YES_ERROR;
				CLANG_WARN_DOCUMENTATION_COMMENTS = YES;
				CLANG_WARN_EMPTY_BODY = YES;
				CLANG_WARN_ENUM_CONVERSION = YES;
				CLANG_WARN_INFINITE_RECURSION = YES;
				CLANG_WARN_INT_CONVERSION = YES;
				CLANG_WARN_NON_LITERAL_NULL_CONVERSION = YES;
				CLANG_WARN_OBJC_IMPLICIT_RETAIN_SELF = YES;
				CLANG_WARN_OBJC_LITERAL_CONVERSION = YES;
				CLANG_WARN_OBJC_ROOT_CLASS = YES_ERROR;
				CLANG_WARN_QUOTED_INCLUDE_IN_FRAMEWORK_HEADER = YES;
				CLANG_WARN_RANGE_LOOP_ANALYSIS = YES;
				CLANG_WARN_STRICT_PROTOTYPES = YES;
				CLANG_WARN_SUSPICIOUS_MOVE = YES;
				CLANG_WARN_UNGUARDED_AVAILABILITY = YES_AGGRESSIVE;
				CLANG_WARN_UNREACHABLE_CODE = YES;
				CLANG_WARN__DUPLICATE_METHOD_MATCH = YES;
				COPY_PHASE_STRIP = NO;
				DEBUG_INFORMATION_FORMAT = dwarf;
				ENABLE_STRICT_OBJC_MSGSEND = YES;
				ENABLE_TESTABILITY = YES;
				GCC_C_LANGUAGE_STANDARD = gnu11;
				GCC_DYNAMIC_NO_PIC = NO;
				GCC_NO_COMMON_BLOCKS = YES;
				GCC_OPTIMIZATION_LEVEL = 0;
				GCC_PREPROCESSOR_DEFINITIONS = (
					"DEBUG=1",
					"$(inherited)",
				);
				GCC_WARN_64_TO_32_BIT_CONVERSION = YES;
				GCC_WARN_ABOUT_RETURN_TYPE = YES_ERROR;
				GCC_WARN_UNDECLARED_SELECTOR = YES;
				GCC_WARN_UNINITIALIZED_AUTOS = YES_AGGRESSIVE;
				GCC_WARN_UNUSED_FUNCTION = YES;
				GCC_WARN_UNUSED_VARIABLE = YES;
				IPHONEOS_DEPLOYMENT_TARGET = 14.1;
				MTL_ENABLE_DEBUG_INFO = INCLUDE_SOURCE;
				MTL_FAST_MATH = YES;
				ONLY_ACTIVE_ARCH = YES;
				SDKROOT = iphoneos;
				SWIFT_ACTIVE_COMPILATION_CONDITIONS = DEBUG;
				SWIFT_OPTIMIZATION_LEVEL = "-Onone";
			};
			name = Debug;
		};
		55F742822B4983FD00913710 /* Release */ = {
			isa = XCBuildConfiguration;
			buildSettings = {
				ALWAYS_SEARCH_USER_PATHS = NO;
				CLANG_ANALYZER_NONNULL = YES;
				CLANG_ANALYZER_NUMBER_OBJECT_CONVERSION = YES_AGGRESSIVE;
				CLANG_CXX_LANGUAGE_STANDARD = "gnu++14";
				CLANG_CXX_LIBRARY = "libc++";
				CLANG_ENABLE_MODULES = YES;
				CLANG_ENABLE_OBJC_ARC = YES;
				CLANG_ENABLE_OBJC_WEAK = YES;
				CLANG_WARN_BLOCK_CAPTURE_AUTORELEASING = YES;
				CLANG_WARN_BOOL_CONVERSION = YES;
				CLANG_WARN_COMMA = YES;
				CLANG_WARN_CONSTANT_CONVERSION = YES;
				CLANG_WARN_DEPRECATED_OBJC_IMPLEMENTATIONS = YES;
				CLANG_WARN_DIRECT_OBJC_ISA_USAGE = YES_ERROR;
				CLANG_WARN_DOCUMENTATION_COMMENTS = YES;
				CLANG_WARN_EMPTY_BODY = YES;
				CLANG_WARN_ENUM_CONVERSION = YES;
				CLANG_WARN_INFINITE_RECURSION = YES;
				CLANG_WARN_INT_CONVERSION = YES;
				CLANG_WARN_NON_LITERAL_NULL_CONVERSION = YES;
				CLANG_WARN_OBJC_IMPLICIT_RETAIN_SELF = YES;
				CLANG_WARN_OBJC_LITERAL_CONVERSION = YES;
				CLANG_WARN_OBJC_ROOT_CLASS = YES_ERROR;
				CLANG_WARN_QUOTED_INCLUDE_IN_FRAMEWORK_HEADER = YES;
				CLANG_WARN_RANGE_LOOP_ANALYSIS = YES;
				CLANG_WARN_STRICT_PROTOTYPES = YES;
				CLANG_WARN_SUSPICIOUS_MOVE = YES;
				CLANG_WARN_UNGUARDED_AVAILABILITY = YES_AGGRESSIVE;
				CLANG_WARN_UNREACHABLE_CODE = YES;
				CLANG_WARN__DUPLICATE_METHOD_MATCH = YES;
				COPY_PHASE_STRIP = NO;
				DEBUG_INFORMATION_FORMAT = "dwarf-with-dsym";
				ENABLE_NS_ASSERTIONS = NO;
				ENABLE_STRICT_OBJC_MSGSEND = YES;
				GCC_C_LANGUAGE_STANDARD = gnu11;
				GCC_NO_COMMON_BLOCKS = YES;
				GCC_WARN_64_TO_32_BIT_CONVERSION = YES;
				GCC_WARN_ABOUT_RETURN_TYPE = YES_ERROR;
				GCC_WARN_UNDECLARED_SELECTOR = YES;
				GCC_WARN_UNINITIALIZED_AUTOS = YES_AGGRESSIVE;
				GCC_WARN_UNUSED_FUNCTION = YES;
				GCC_WARN_UNUSED_VARIABLE = YES;
				IPHONEOS_DEPLOYMENT_TARGET = 14.1;
				MTL_ENABLE_DEBUG_INFO = NO;
				MTL_FAST_MATH = YES;
				SDKROOT = iphoneos;
				SWIFT_COMPILATION_MODE = wholemodule;
				SWIFT_OPTIMIZATION_LEVEL = "-O";
				VALIDATE_PRODUCT = YES;
			};
			name = Release;
		};
		55F742842B4983FD00913710 /* Debug */ = {
			isa = XCBuildConfiguration;
			buildSettings = {
				ASSETCATALOG_COMPILER_APPICON_NAME = AppIcon;
				ASSETCATALOG_COMPILER_GLOBAL_ACCENT_COLOR_NAME = AccentColor;
				CODE_SIGN_STYLE = Automatic;
				DEVELOPMENT_ASSET_PATHS = "\"Mossum_IOS/Preview Content\"";
				ENABLE_PREVIEWS = YES;
				INFOPLIST_FILE = Mossum_IOS/Info.plist;
				IPHONEOS_DEPLOYMENT_TARGET = 14.1;
				LD_RUNPATH_SEARCH_PATHS = (
					"$(inherited)",
					"@executable_path/Frameworks",
				);
				PRODUCT_BUNDLE_IDENTIFIER = "bvhv.Mossum-IOS";
				PRODUCT_NAME = "$(TARGET_NAME)";
				SWIFT_VERSION = 5.0;
				TARGETED_DEVICE_FAMILY = "1,2";
			};
			name = Debug;
		};
		55F742852B4983FD00913710 /* Release */ = {
			isa = XCBuildConfiguration;
			buildSettings = {
				ASSETCATALOG_COMPILER_APPICON_NAME = AppIcon;
				ASSETCATALOG_COMPILER_GLOBAL_ACCENT_COLOR_NAME = AccentColor;
				CODE_SIGN_STYLE = Automatic;
				DEVELOPMENT_ASSET_PATHS = "\"Mossum_IOS/Preview Content\"";
				ENABLE_PREVIEWS = YES;
				INFOPLIST_FILE = Mossum_IOS/Info.plist;
				IPHONEOS_DEPLOYMENT_TARGET = 14.1;
				LD_RUNPATH_SEARCH_PATHS = (
					"$(inherited)",
					"@executable_path/Frameworks",
				);
				PRODUCT_BUNDLE_IDENTIFIER = "bvhv.Mossum-IOS";
				PRODUCT_NAME = "$(TARGET_NAME)";
				SWIFT_VERSION = 5.0;
				TARGETED_DEVICE_FAMILY = "1,2";
			};
			name = Release;
		};
		55F742872B4983FD00913710 /* Debug */ = {
			isa = XCBuildConfiguration;
			buildSettings = {
				ALWAYS_EMBED_SWIFT_STANDARD_LIBRARIES = YES;
				BUNDLE_LOADER = "$(TEST_HOST)";
				CODE_SIGN_STYLE = Automatic;
				INFOPLIST_FILE = Mossum_IOSTests/Info.plist;
				IPHONEOS_DEPLOYMENT_TARGET = 14.0;
				LD_RUNPATH_SEARCH_PATHS = (
					"$(inherited)",
					"@executable_path/Frameworks",
					"@loader_path/Frameworks",
				);
				PRODUCT_BUNDLE_IDENTIFIER = "bvhv.Mossum-IOSTests";
				PRODUCT_NAME = "$(TARGET_NAME)";
				SWIFT_VERSION = 5.0;
				TARGETED_DEVICE_FAMILY = "1,2";
				TEST_HOST = "$(BUILT_PRODUCTS_DIR)/Mossum_IOS.app/Mossum_IOS";
			};
			name = Debug;
		};
		55F742882B4983FD00913710 /* Release */ = {
			isa = XCBuildConfiguration;
			buildSettings = {
				ALWAYS_EMBED_SWIFT_STANDARD_LIBRARIES = YES;
				BUNDLE_LOADER = "$(TEST_HOST)";
				CODE_SIGN_STYLE = Automatic;
				INFOPLIST_FILE = Mossum_IOSTests/Info.plist;
				IPHONEOS_DEPLOYMENT_TARGET = 14.0;
				LD_RUNPATH_SEARCH_PATHS = (
					"$(inherited)",
					"@executable_path/Frameworks",
					"@loader_path/Frameworks",
				);
				PRODUCT_BUNDLE_IDENTIFIER = "bvhv.Mossum-IOSTests";
				PRODUCT_NAME = "$(TARGET_NAME)";
				SWIFT_VERSION = 5.0;
				TARGETED_DEVICE_FAMILY = "1,2";
				TEST_HOST = "$(BUILT_PRODUCTS_DIR)/Mossum_IOS.app/Mossum_IOS";
			};
			name = Release;
		};
		55F7428A2B4983FD00913710 /* Debug */ = {
			isa = XCBuildConfiguration;
			buildSettings = {
				ALWAYS_EMBED_SWIFT_STANDARD_LIBRARIES = YES;
				CODE_SIGN_STYLE = Automatic;
				INFOPLIST_FILE = Mossum_IOSUITests/Info.plist;
				LD_RUNPATH_SEARCH_PATHS = (
					"$(inherited)",
					"@executable_path/Frameworks",
					"@loader_path/Frameworks",
				);
				PRODUCT_BUNDLE_IDENTIFIER = "bvhv.Mossum-IOSUITests";
				PRODUCT_NAME = "$(TARGET_NAME)";
				SWIFT_VERSION = 5.0;
				TARGETED_DEVICE_FAMILY = "1,2";
				TEST_TARGET_NAME = Mossum_IOS;
			};
			name = Debug;
		};
		55F7428B2B4983FD00913710 /* Release */ = {
			isa = XCBuildConfiguration;
			buildSettings = {
				ALWAYS_EMBED_SWIFT_STANDARD_LIBRARIES = YES;
				CODE_SIGN_STYLE = Automatic;
				INFOPLIST_FILE = Mossum_IOSUITests/Info.plist;
				LD_RUNPATH_SEARCH_PATHS = (
					"$(inherited)",
					"@executable_path/Frameworks",
					"@loader_path/Frameworks",
				);
				PRODUCT_BUNDLE_IDENTIFIER = "bvhv.Mossum-IOSUITests";
				PRODUCT_NAME = "$(TARGET_NAME)";
				SWIFT_VERSION = 5.0;
				TARGETED_DEVICE_FAMILY = "1,2";
				TEST_TARGET_NAME = Mossum_IOS;
			};
			name = Release;
		};
/* End XCBuildConfiguration section */

/* Begin XCConfigurationList section */
		55F742592B4983FA00913710 /* Build configuration list for PBXProject "Mossum_IOS" */ = {
			isa = XCConfigurationList;
			buildConfigurations = (
				55F742812B4983FD00913710 /* Debug */,
				55F742822B4983FD00913710 /* Release */,
			);
			defaultConfigurationIsVisible = 0;
			defaultConfigurationName = Release;
		};
		55F742832B4983FD00913710 /* Build configuration list for PBXNativeTarget "Mossum_IOS" */ = {
			isa = XCConfigurationList;
			buildConfigurations = (
				55F742842B4983FD00913710 /* Debug */,
				55F742852B4983FD00913710 /* Release */,
			);
			defaultConfigurationIsVisible = 0;
			defaultConfigurationName = Release;
		};
		55F742862B4983FD00913710 /* Build configuration list for PBXNativeTarget "Mossum_IOSTests" */ = {
			isa = XCConfigurationList;
			buildConfigurations = (
				55F742872B4983FD00913710 /* Debug */,
				55F742882B4983FD00913710 /* Release */,
			);
			defaultConfigurationIsVisible = 0;
			defaultConfigurationName = Release;
		};
		55F742892B4983FD00913710 /* Build configuration list for PBXNativeTarget "Mossum_IOSUITests" */ = {
			isa = XCConfigurationList;
			buildConfigurations = (
				55F7428A2B4983FD00913710 /* Debug */,
				55F7428B2B4983FD00913710 /* Release */,
			);
			defaultConfigurationIsVisible = 0;
			defaultConfigurationName = Release;
		};
/* End XCConfigurationList section */
	};
	rootObject = 55F742562B4983FA00913710 /* Project object */;
}
